
Microsoft Visual Studio Solution File, Format Version 12.00
# Visual Studio Version 16
VisualStudioVersion = 16.0.31129.286
MinimumVisualStudioVersion = 10.0.40219.1
Project("{FAE04EC0-301F-11D3-BF4B-00C04F79EFBC}") = "ClasesPropiedades.Core", "ClasesPropiedades.Core\ClasesPropiedades.Core.csproj", "{301403D9-6988-4CFA-ABCF-86EF6BD9DCCB}"
EndProject
Global
	GlobalSection(SolutionConfigurationPlatforms) = preSolution
		Debug|Any CPU = Debug|Any CPU
		Release|Any CPU = Release|Any CPU
	EndGlobalSection
	GlobalSection(ProjectConfigurationPlatforms) = postSolution
		{301403D9-6988-4CFA-ABCF-86EF6BD9DCCB}.Debug|Any CPU.ActiveCfg = Debug|Any CPU
		{301403D9-6988-4CFA-ABCF-86EF6BD9DCCB}.Debug|Any CPU.Build.0 = Debug|Any CPU
		{301403D9-6988-4CFA-ABCF-86EF6BD9DCCB}.Release|Any CPU.ActiveCfg = Release|Any CPU
		{301403D9-6988-4CFA-ABCF-86EF6BD9DCCB}.Release|Any CPU.Build.0 = Release|Any CPU
	EndGlobalSection
	GlobalSection(SolutionProperties) = preSolution
		HideSolutionNode = FALSE
	EndGlobalSection
	GlobalSection(ExtensibilityGlobals) = postSolution
		SolutionGuid = {745CD07E-F415-4FC5-8A66-C92794CFBEF4}
	EndGlobalSection
EndGlobal
